// !$*UTF8*$!
{
	archiveVersion = 1;
	classes = {
	};
	objectVersion = 56;
	objects = {

/* Begin PBXBuildFile section */
		E9144DEB2C0E324B00665283 /* ScrumdingerApp.swift in Sources */ = {isa = PBXBuildFile; fileRef = E9144DEA2C0E324B00665283 /* ScrumdingerApp.swift */; };
		E9144DED2C0E324B00665283 /* MeetingView.swift in Sources */ = {isa = PBXBuildFile; fileRef = E9144DEC2C0E324B00665283 /* MeetingView.swift */; };
		E9144DEF2C0E324C00665283 /* Assets.xcassets in Resources */ = {isa = PBXBuildFile; fileRef = E9144DEE2C0E324C00665283 /* Assets.xcassets */; };
		E9144DF22C0E324C00665283 /* Preview Assets.xcassets in Resources */ = {isa = PBXBuildFile; fileRef = E9144DF12C0E324C00665283 /* Preview Assets.xcassets */; };
		E91A1DA72C16E5C300CBF542 /* TrailingIconLabelStyle.swift in Sources */ = {isa = PBXBuildFile; fileRef = E91A1DA62C16E5C300CBF542 /* TrailingIconLabelStyle.swift */; };
		E91A1DA92C16E84500CBF542 /* ScrumsView.swift in Sources */ = {isa = PBXBuildFile; fileRef = E91A1DA82C16E84500CBF542 /* ScrumsView.swift */; };
		E91A1DAB2C16EF0200CBF542 /* DetailView.swift in Sources */ = {isa = PBXBuildFile; fileRef = E91A1DAA2C16EF0200CBF542 /* DetailView.swift */; };
		E91A1DAD2C16F50500CBF542 /* DetailEditView.swift in Sources */ = {isa = PBXBuildFile; fileRef = E91A1DAC2C16F50500CBF542 /* DetailEditView.swift */; };
		E91A1DB02C16FD2F00CBF542 /* ThemeView.swift in Sources */ = {isa = PBXBuildFile; fileRef = E91A1DAF2C16FD2F00CBF542 /* ThemeView.swift */; };
		E91A1DB22C16FE0700CBF542 /* ThemePicker.swift in Sources */ = {isa = PBXBuildFile; fileRef = E91A1DB12C16FE0700CBF542 /* ThemePicker.swift */; };
		E91A1DB42C17062F00CBF542 /* MeetingHeaderView.swift in Sources */ = {isa = PBXBuildFile; fileRef = E91A1DB32C17062F00CBF542 /* MeetingHeaderView.swift */; };
		E91A1DB82C1714FB00CBF542 /* ScrumProgressViewStyle.swift in Sources */ = {isa = PBXBuildFile; fileRef = E91A1DB72C1714FB00CBF542 /* ScrumProgressViewStyle.swift */; };
		E91A1DBA2C1715A600CBF542 /* ScrumTimer.swift in Sources */ = {isa = PBXBuildFile; fileRef = E91A1DB92C1715A500CBF542 /* ScrumTimer.swift */; };
		E91A1DBC2C172A3D00CBF542 /* MeetingFooterView.swift in Sources */ = {isa = PBXBuildFile; fileRef = E91A1DBB2C172A3D00CBF542 /* MeetingFooterView.swift */; };
		E91A1DBE2C172F9B00CBF542 /* AVPlayer+Ding.swift in Sources */ = {isa = PBXBuildFile; fileRef = E91A1DBD2C172F9B00CBF542 /* AVPlayer+Ding.swift */; };
		E91A1DC12C17309700CBF542 /* ding.wav in Resources */ = {isa = PBXBuildFile; fileRef = E91A1DBF2C17309700CBF542 /* ding.wav */; };
		E91A1DC32C173EBD00CBF542 /* NewScrumSheet.swift in Sources */ = {isa = PBXBuildFile; fileRef = E91A1DC22C173EBD00CBF542 /* NewScrumSheet.swift */; };
		E91A1DC52C17429400CBF542 /* History.swift in Sources */ = {isa = PBXBuildFile; fileRef = E91A1DC42C17429400CBF542 /* History.swift */; };
		E91A1DC72C17498F00CBF542 /* ScrumStore.swift in Sources */ = {isa = PBXBuildFile; fileRef = E91A1DC62C17498F00CBF542 /* ScrumStore.swift */; };
		E91A1DC92C17646400CBF542 /* ErrorWrapper.swift in Sources */ = {isa = PBXBuildFile; fileRef = E91A1DC82C17646400CBF542 /* ErrorWrapper.swift */; };
		E91A1DCB2C1764C900CBF542 /* ErrorView.swift in Sources */ = {isa = PBXBuildFile; fileRef = E91A1DCA2C1764C900CBF542 /* ErrorView.swift */; };
		E91A1DCD2C17AC2400CBF542 /* MeetingTimerView.swift in Sources */ = {isa = PBXBuildFile; fileRef = E91A1DCC2C17AC2400CBF542 /* MeetingTimerView.swift */; };
		E91A1DCF2C17ADE700CBF542 /* SpeakerArc.swift in Sources */ = {isa = PBXBuildFile; fileRef = E91A1DCE2C17ADE700CBF542 /* SpeakerArc.swift */; };
		E95C5E092C1874E400BD901F /* Readme.md in Resources */ = {isa = PBXBuildFile; fileRef = E95C5E082C1874E400BD901F /* Readme.md */; };
		E99B0C5A2C10A34600D50362 /* Theme.swift in Sources */ = {isa = PBXBuildFile; fileRef = E99B0C592C10A34600D50362 /* Theme.swift */; };
		E99B0C5C2C10A46700D50362 /* DailyScrum.swift in Sources */ = {isa = PBXBuildFile; fileRef = E99B0C5B2C10A46700D50362 /* DailyScrum.swift */; };
		E99B0C5E2C10A4CE00D50362 /* CardView.swift in Sources */ = {isa = PBXBuildFile; fileRef = E99B0C5D2C10A4CE00D50362 /* CardView.swift */; };
		E9B22CAA2C186A6600F83915 /* HistoryView.swift in Sources */ = {isa = PBXBuildFile; fileRef = E9B22CA92C186A6600F83915 /* HistoryView.swift */; };
		E9B715AA2C18651800BCFC5B /* SpeechRecognizer.swift in Sources */ = {isa = PBXBuildFile; fileRef = E9B715A92C18651800BCFC5B /* SpeechRecognizer.swift */; };
/* End PBXBuildFile section */

/* Begin PBXFileReference section */
		E9144DE72C0E324B00665283 /* Scrumdinger.app */ = {isa = PBXFileReference; explicitFileType = wrapper.application; includeInIndex = 0; path = Scrumdinger.app; sourceTree = BUILT_PRODUCTS_DIR; };
		E9144DEA2C0E324B00665283 /* ScrumdingerApp.swift */ = {isa = PBXFileReference; lastKnownFileType = sourcecode.swift; path = ScrumdingerApp.swift; sourceTree = "<group>"; };
		E9144DEC2C0E324B00665283 /* MeetingView.swift */ = {isa = PBXFileReference; lastKnownFileType = sourcecode.swift; path = MeetingView.swift; sourceTree = "<group>"; };
		E9144DEE2C0E324C00665283 /* Assets.xcassets */ = {isa = PBXFileReference; lastKnownFileType = folder.assetcatalog; path = Assets.xcassets; sourceTree = "<group>"; };
		E9144DF12C0E324C00665283 /* Preview Assets.xcassets */ = {isa = PBXFileReference; lastKnownFileType = folder.assetcatalog; path = "Preview Assets.xcassets"; sourceTree = "<group>"; };
		E91A1DA62C16E5C300CBF542 /* TrailingIconLabelStyle.swift */ = {isa = PBXFileReference; lastKnownFileType = sourcecode.swift; path = TrailingIconLabelStyle.swift; sourceTree = "<group>"; };
		E91A1DA82C16E84500CBF542 /* ScrumsView.swift */ = {isa = PBXFileReference; lastKnownFileType = sourcecode.swift; path = ScrumsView.swift; sourceTree = "<group>"; };
		E91A1DAA2C16EF0200CBF542 /* DetailView.swift */ = {isa = PBXFileReference; lastKnownFileType = sourcecode.swift; path = DetailView.swift; sourceTree = "<group>"; };
		E91A1DAC2C16F50500CBF542 /* DetailEditView.swift */ = {isa = PBXFileReference; lastKnownFileType = sourcecode.swift; path = DetailEditView.swift; sourceTree = "<group>"; };
		E91A1DAF2C16FD2F00CBF542 /* ThemeView.swift */ = {isa = PBXFileReference; lastKnownFileType = sourcecode.swift; path = ThemeView.swift; sourceTree = "<group>"; };
		E91A1DB12C16FE0700CBF542 /* ThemePicker.swift */ = {isa = PBXFileReference; lastKnownFileType = sourcecode.swift; path = ThemePicker.swift; sourceTree = "<group>"; };
		E91A1DB32C17062F00CBF542 /* MeetingHeaderView.swift */ = {isa = PBXFileReference; lastKnownFileType = sourcecode.swift; path = MeetingHeaderView.swift; sourceTree = "<group>"; };
		E91A1DB72C1714FB00CBF542 /* ScrumProgressViewStyle.swift */ = {isa = PBXFileReference; lastKnownFileType = sourcecode.swift; path = ScrumProgressViewStyle.swift; sourceTree = "<group>"; };
		E91A1DB92C1715A500CBF542 /* ScrumTimer.swift */ = {isa = PBXFileReference; lastKnownFileType = sourcecode.swift; path = ScrumTimer.swift; sourceTree = "<group>"; };
		E91A1DBB2C172A3D00CBF542 /* MeetingFooterView.swift */ = {isa = PBXFileReference; lastKnownFileType = sourcecode.swift; path = MeetingFooterView.swift; sourceTree = "<group>"; };
		E91A1DBD2C172F9B00CBF542 /* AVPlayer+Ding.swift */ = {isa = PBXFileReference; fileEncoding = 4; lastKnownFileType = sourcecode.swift; name = "AVPlayer+Ding.swift"; path = "../../../../../Downloads/ManagingStateAndLifeCycle/Complete/Scrumdinger/Models/AVPlayer+Ding.swift"; sourceTree = "<group>"; };
		E91A1DBF2C17309700CBF542 /* ding.wav */ = {isa = PBXFileReference; lastKnownFileType = audio.wav; path = ding.wav; sourceTree = "<group>"; };
		E91A1DC22C173EBD00CBF542 /* NewScrumSheet.swift */ = {isa = PBXFileReference; lastKnownFileType = sourcecode.swift; path = NewScrumSheet.swift; sourceTree = "<group>"; };
		E91A1DC42C17429400CBF542 /* History.swift */ = {isa = PBXFileReference; lastKnownFileType = sourcecode.swift; path = History.swift; sourceTree = "<group>"; };
		E91A1DC62C17498F00CBF542 /* ScrumStore.swift */ = {isa = PBXFileReference; lastKnownFileType = sourcecode.swift; path = ScrumStore.swift; sourceTree = "<group>"; };
		E91A1DC82C17646400CBF542 /* ErrorWrapper.swift */ = {isa = PBXFileReference; lastKnownFileType = sourcecode.swift; path = ErrorWrapper.swift; sourceTree = "<group>"; };
		E91A1DCA2C1764C900CBF542 /* ErrorView.swift */ = {isa = PBXFileReference; lastKnownFileType = sourcecode.swift; path = ErrorView.swift; sourceTree = "<group>"; };
		E91A1DCC2C17AC2400CBF542 /* MeetingTimerView.swift */ = {isa = PBXFileReference; lastKnownFileType = sourcecode.swift; path = MeetingTimerView.swift; sourceTree = "<group>"; };
		E91A1DCE2C17ADE700CBF542 /* SpeakerArc.swift */ = {isa = PBXFileReference; lastKnownFileType = sourcecode.swift; path = SpeakerArc.swift; sourceTree = "<group>"; };
		E95C5E082C1874E400BD901F /* Readme.md */ = {isa = PBXFileReference; lastKnownFileType = net.daringfireball.markdown; path = Readme.md; sourceTree = "<group>"; };
		E99B0C592C10A34600D50362 /* Theme.swift */ = {isa = PBXFileReference; lastKnownFileType = sourcecode.swift; path = Theme.swift; sourceTree = "<group>"; };
		E99B0C5B2C10A46700D50362 /* DailyScrum.swift */ = {isa = PBXFileReference; lastKnownFileType = sourcecode.swift; path = DailyScrum.swift; sourceTree = "<group>"; };
		E99B0C5D2C10A4CE00D50362 /* CardView.swift */ = {isa = PBXFileReference; lastKnownFileType = sourcecode.swift; path = CardView.swift; sourceTree = "<group>"; };
		E9B22CA92C186A6600F83915 /* HistoryView.swift */ = {isa = PBXFileReference; lastKnownFileType = sourcecode.swift; path = HistoryView.swift; sourceTree = "<group>"; };
		E9B715A92C18651800BCFC5B /* SpeechRecognizer.swift */ = {isa = PBXFileReference; lastKnownFileType = sourcecode.swift; path = SpeechRecognizer.swift; sourceTree = "<group>"; };
/* End PBXFileReference section */

/* Begin PBXFrameworksBuildPhase section */
		E9144DE42C0E324B00665283 /* Frameworks */ = {
			isa = PBXFrameworksBuildPhase;
			buildActionMask = 2147483647;
			files = (
			);
			runOnlyForDeploymentPostprocessing = 0;
		};
/* End PBXFrameworksBuildPhase section */

/* Begin PBXGroup section */
		E9144DDE2C0E324B00665283 = {
			isa = PBXGroup;
			children = (
				E95C5E0B2C1875CD00BD901F /* Screenshots */,
				E95C5E082C1874E400BD901F /* Readme.md */,
				E9144DE92C0E324B00665283 /* Scrumdinger */,
				E9144DE82C0E324B00665283 /* Products */,
			);
			sourceTree = "<group>";
		};
		E9144DE82C0E324B00665283 /* Products */ = {
			isa = PBXGroup;
			children = (
				E9144DE72C0E324B00665283 /* Scrumdinger.app */,
			);
			name = Products;
			sourceTree = "<group>";
		};
		E9144DE92C0E324B00665283 /* Scrumdinger */ = {
			isa = PBXGroup;
			children = (
				E91A1DC02C17309700CBF542 /* Resources */,
				E91A1DAE2C16FB4B00CBF542 /* Views */,
				E9144DEA2C0E324B00665283 /* ScrumdingerApp.swift */,
				E99B0C582C10A31C00D50362 /* Models */,
				E9144DEE2C0E324C00665283 /* Assets.xcassets */,
				E9144DF02C0E324C00665283 /* Preview Content */,
			);
			path = Scrumdinger;
			sourceTree = "<group>";
		};
		E9144DF02C0E324C00665283 /* Preview Content */ = {
			isa = PBXGroup;
			children = (
				E9144DF12C0E324C00665283 /* Preview Assets.xcassets */,
			);
			path = "Preview Content";
			sourceTree = "<group>";
		};
		E91A1DAE2C16FB4B00CBF542 /* Views */ = {
			isa = PBXGroup;
			children = (
				E91A1DBD2C172F9B00CBF542 /* AVPlayer+Ding.swift */,
				E91A1DA62C16E5C300CBF542 /* TrailingIconLabelStyle.swift */,
				E9144DEC2C0E324B00665283 /* MeetingView.swift */,
				E99B0C5D2C10A4CE00D50362 /* CardView.swift */,
				E91A1DA82C16E84500CBF542 /* ScrumsView.swift */,
				E91A1DAA2C16EF0200CBF542 /* DetailView.swift */,
				E91A1DAC2C16F50500CBF542 /* DetailEditView.swift */,
				E91A1DAF2C16FD2F00CBF542 /* ThemeView.swift */,
				E91A1DB12C16FE0700CBF542 /* ThemePicker.swift */,
				E91A1DB32C17062F00CBF542 /* MeetingHeaderView.swift */,
				E91A1DB72C1714FB00CBF542 /* ScrumProgressViewStyle.swift */,
				E91A1DBB2C172A3D00CBF542 /* MeetingFooterView.swift */,
				E91A1DC22C173EBD00CBF542 /* NewScrumSheet.swift */,
				E91A1DCA2C1764C900CBF542 /* ErrorView.swift */,
				E91A1DCC2C17AC2400CBF542 /* MeetingTimerView.swift */,
				E91A1DCE2C17ADE700CBF542 /* SpeakerArc.swift */,
				E9B22CA92C186A6600F83915 /* HistoryView.swift */,
			);
			path = Views;
			sourceTree = "<group>";
		};
		E91A1DC02C17309700CBF542 /* Resources */ = {
			isa = PBXGroup;
			children = (
				E91A1DBF2C17309700CBF542 /* ding.wav */,
			);
			name = Resources;
			path = ../../../../Downloads/ManagingStateAndLifeCycle/Complete/Scrumdinger/Resources;
			sourceTree = "<group>";
		};
		E95C5E0B2C1875CD00BD901F /* Screenshots */ = {
			isa = PBXGroup;
			children = (
			);
			path = Screenshots;
			sourceTree = "<group>";
		};
		E99B0C582C10A31C00D50362 /* Models */ = {
			isa = PBXGroup;
			children = (
				E99B0C592C10A34600D50362 /* Theme.swift */,
				E99B0C5B2C10A46700D50362 /* DailyScrum.swift */,
				E91A1DB92C1715A500CBF542 /* ScrumTimer.swift */,
				E91A1DC42C17429400CBF542 /* History.swift */,
				E91A1DC62C17498F00CBF542 /* ScrumStore.swift */,
				E91A1DC82C17646400CBF542 /* ErrorWrapper.swift */,
				E9B715A92C18651800BCFC5B /* SpeechRecognizer.swift */,
			);
			path = Models;
			sourceTree = "<group>";
		};
/* End PBXGroup section */

/* Begin PBXNativeTarget section */
		E9144DE62C0E324B00665283 /* Scrumdinger */ = {
			isa = PBXNativeTarget;
			buildConfigurationList = E9144DF52C0E324C00665283 /* Build configuration list for PBXNativeTarget "Scrumdinger" */;
			buildPhases = (
				E9144DE32C0E324B00665283 /* Sources */,
				E9144DE42C0E324B00665283 /* Frameworks */,
				E9144DE52C0E324B00665283 /* Resources */,
			);
			buildRules = (
			);
			dependencies = (
			);
			name = Scrumdinger;
			productName = Scrumdinger;
			productReference = E9144DE72C0E324B00665283 /* Scrumdinger.app */;
			productType = "com.apple.product-type.application";
		};
/* End PBXNativeTarget section */

/* Begin PBXProject section */
		E9144DDF2C0E324B00665283 /* Project object */ = {
			isa = PBXProject;
			attributes = {
				BuildIndependentTargetsInParallel = 1;
				LastSwiftUpdateCheck = 1540;
				LastUpgradeCheck = 1540;
				TargetAttributes = {
					E9144DE62C0E324B00665283 = {
						CreatedOnToolsVersion = 15.4;
					};
				};
			};
			buildConfigurationList = E9144DE22C0E324B00665283 /* Build configuration list for PBXProject "Scrumdinger" */;
			compatibilityVersion = "Xcode 14.0";
			developmentRegion = en;
			hasScannedForEncodings = 0;
			knownRegions = (
				en,
				Base,
			);
			mainGroup = E9144DDE2C0E324B00665283;
			productRefGroup = E9144DE82C0E324B00665283 /* Products */;
			projectDirPath = "";
			projectRoot = "";
			targets = (
				E9144DE62C0E324B00665283 /* Scrumdinger */,
			);
		};
/* End PBXProject section */

/* Begin PBXResourcesBuildPhase section */
		E9144DE52C0E324B00665283 /* Resources */ = {
			isa = PBXResourcesBuildPhase;
			buildActionMask = 2147483647;
			files = (
				E91A1DC12C17309700CBF542 /* ding.wav in Resources */,
				E9144DF22C0E324C00665283 /* Preview Assets.xcassets in Resources */,
				E95C5E092C1874E400BD901F /* Readme.md in Resources */,
				E9144DEF2C0E324C00665283 /* Assets.xcassets in Resources */,
			);
			runOnlyForDeploymentPostprocessing = 0;
		};
/* End PBXResourcesBuildPhase section */

/* Begin PBXSourcesBuildPhase section */
		E9144DE32C0E324B00665283 /* Sources */ = {
			isa = PBXSourcesBuildPhase;
			buildActionMask = 2147483647;
			files = (
				E91A1DC52C17429400CBF542 /* History.swift in Sources */,
				E91A1DB22C16FE0700CBF542 /* ThemePicker.swift in Sources */,
				E91A1DC32C173EBD00CBF542 /* NewScrumSheet.swift in Sources */,
				E91A1DB82C1714FB00CBF542 /* ScrumProgressViewStyle.swift in Sources */,
				E91A1DCF2C17ADE700CBF542 /* SpeakerArc.swift in Sources */,
				E91A1DCB2C1764C900CBF542 /* ErrorView.swift in Sources */,
				E91A1DBA2C1715A600CBF542 /* ScrumTimer.swift in Sources */,
				E9B22CAA2C186A6600F83915 /* HistoryView.swift in Sources */,
				E91A1DCD2C17AC2400CBF542 /* MeetingTimerView.swift in Sources */,
				E99B0C5C2C10A46700D50362 /* DailyScrum.swift in Sources */,
				E91A1DC72C17498F00CBF542 /* ScrumStore.swift in Sources */,
				E91A1DAB2C16EF0200CBF542 /* DetailView.swift in Sources */,
				E91A1DC92C17646400CBF542 /* ErrorWrapper.swift in Sources */,
				E91A1DB42C17062F00CBF542 /* MeetingHeaderView.swift in Sources */,
				E91A1DAD2C16F50500CBF542 /* DetailEditView.swift in Sources */,
				E91A1DA72C16E5C300CBF542 /* TrailingIconLabelStyle.swift in Sources */,
				E91A1DBC2C172A3D00CBF542 /* MeetingFooterView.swift in Sources */,
				E99B0C5A2C10A34600D50362 /* Theme.swift in Sources */,
				E9B715AA2C18651800BCFC5B /* SpeechRecognizer.swift in Sources */,
				E91A1DA92C16E84500CBF542 /* ScrumsView.swift in Sources */,
				E9144DED2C0E324B00665283 /* MeetingView.swift in Sources */,
				E9144DEB2C0E324B00665283 /* ScrumdingerApp.swift in Sources */,
				E91A1DB02C16FD2F00CBF542 /* ThemeView.swift in Sources */,
				E99B0C5E2C10A4CE00D50362 /* CardView.swift in Sources */,
				E91A1DBE2C172F9B00CBF542 /* AVPlayer+Ding.swift in Sources */,
			);
			runOnlyForDeploymentPostprocessing = 0;
		};
/* End PBXSourcesBuildPhase section */

/* Begin XCBuildConfiguration section */
		E9144DF32C0E324C00665283 /* Debug */ = {
			isa = XCBuildConfiguration;
			buildSettings = {
				ALWAYS_SEARCH_USER_PATHS = NO;
				ASSETCATALOG_COMPILER_GENERATE_SWIFT_ASSET_SYMBOL_EXTENSIONS = YES;
				CLANG_ANALYZER_NONNULL = YES;
				CLANG_ANALYZER_NUMBER_OBJECT_CONVERSION = YES_AGGRESSIVE;
				CLANG_CXX_LANGUAGE_STANDARD = "gnu++20";
				CLANG_ENABLE_MODULES = YES;
				CLANG_ENABLE_OBJC_ARC = YES;
				CLANG_ENABLE_OBJC_WEAK = YES;
				CLANG_WARN_BLOCK_CAPTURE_AUTORELEASING = YES;
				CLANG_WARN_BOOL_CONVERSION = YES;
				CLANG_WARN_COMMA = YES;
				CLANG_WARN_CONSTANT_CONVERSION = YES;
				CLANG_WARN_DEPRECATED_OBJC_IMPLEMENTATIONS = YES;
				CLANG_WARN_DIRECT_OBJC_ISA_USAGE = YES_ERROR;
				CLANG_WARN_DOCUMENTATION_COMMENTS = YES;
				CLANG_WARN_EMPTY_BODY = YES;
				CLANG_WARN_ENUM_CONVERSION = YES;
				CLANG_WARN_INFINITE_RECURSION = YES;
				CLANG_WARN_INT_CONVERSION = YES;
				CLANG_WARN_NON_LITERAL_NULL_CONVERSION = YES;
				CLANG_WARN_OBJC_IMPLICIT_RETAIN_SELF = YES;
				CLANG_WARN_OBJC_LITERAL_CONVERSION = YES;
				CLANG_WARN_OBJC_ROOT_CLASS = YES_ERROR;
				CLANG_WARN_QUOTED_INCLUDE_IN_FRAMEWORK_HEADER = YES;
				CLANG_WARN_RANGE_LOOP_ANALYSIS = YES;
				CLANG_WARN_STRICT_PROTOTYPES = YES;
				CLANG_WARN_SUSPICIOUS_MOVE = YES;
				CLANG_WARN_UNGUARDED_AVAILABILITY = YES_AGGRESSIVE;
				CLANG_WARN_UNREACHABLE_CODE = YES;
				CLANG_WARN__DUPLICATE_METHOD_MATCH = YES;
				COPY_PHASE_STRIP = NO;
				DEBUG_INFORMATION_FORMAT = dwarf;
				ENABLE_STRICT_OBJC_MSGSEND = YES;
				ENABLE_TESTABILITY = YES;
				ENABLE_USER_SCRIPT_SANDBOXING = YES;
				GCC_C_LANGUAGE_STANDARD = gnu17;
				GCC_DYNAMIC_NO_PIC = NO;
				GCC_NO_COMMON_BLOCKS = YES;
				GCC_OPTIMIZATION_LEVEL = 0;
				GCC_PREPROCESSOR_DEFINITIONS = (
					"DEBUG=1",
					"$(inherited)",
				);
				GCC_WARN_64_TO_32_BIT_CONVERSION = YES;
				GCC_WARN_ABOUT_RETURN_TYPE = YES_ERROR;
				GCC_WARN_UNDECLARED_SELECTOR = YES;
				GCC_WARN_UNINITIALIZED_AUTOS = YES_AGGRESSIVE;
				GCC_WARN_UNUSED_FUNCTION = YES;
				GCC_WARN_UNUSED_VARIABLE = YES;
				IPHONEOS_DEPLOYMENT_TARGET = 17.5;
				LOCALIZATION_PREFERS_STRING_CATALOGS = YES;
				MTL_ENABLE_DEBUG_INFO = INCLUDE_SOURCE;
				MTL_FAST_MATH = YES;
				ONLY_ACTIVE_ARCH = YES;
				SDKROOT = iphoneos;
				SWIFT_ACTIVE_COMPILATION_CONDITIONS = "DEBUG $(inherited)";
				SWIFT_OPTIMIZATION_LEVEL = "-Onone";
			};
			name = Debug;
		};
		E9144DF42C0E324C00665283 /* Release */ = {
			isa = XCBuildConfiguration;
			buildSettings = {
				ALWAYS_SEARCH_USER_PATHS = NO;
				ASSETCATALOG_COMPILER_GENERATE_SWIFT_ASSET_SYMBOL_EXTENSIONS = YES;
				CLANG_ANALYZER_NONNULL = YES;
				CLANG_ANALYZER_NUMBER_OBJECT_CONVERSION = YES_AGGRESSIVE;
				CLANG_CXX_LANGUAGE_STANDARD = "gnu++20";
				CLANG_ENABLE_MODULES = YES;
				CLANG_ENABLE_OBJC_ARC = YES;
				CLANG_ENABLE_OBJC_WEAK = YES;
				CLANG_WARN_BLOCK_CAPTURE_AUTORELEASING = YES;
				CLANG_WARN_BOOL_CONVERSION = YES;
				CLANG_WARN_COMMA = YES;
				CLANG_WARN_CONSTANT_CONVERSION = YES;
				CLANG_WARN_DEPRECATED_OBJC_IMPLEMENTATIONS = YES;
				CLANG_WARN_DIRECT_OBJC_ISA_USAGE = YES_ERROR;
				CLANG_WARN_DOCUMENTATION_COMMENTS = YES;
				CLANG_WARN_EMPTY_BODY = YES;
				CLANG_WARN_ENUM_CONVERSION = YES;
				CLANG_WARN_INFINITE_RECURSION = YES;
				CLANG_WARN_INT_CONVERSION = YES;
				CLANG_WARN_NON_LITERAL_NULL_CONVERSION = YES;
				CLANG_WARN_OBJC_IMPLICIT_RETAIN_SELF = YES;
				CLANG_WARN_OBJC_LITERAL_CONVERSION = YES;
				CLANG_WARN_OBJC_ROOT_CLASS = YES_ERROR;
				CLANG_WARN_QUOTED_INCLUDE_IN_FRAMEWORK_HEADER = YES;
				CLANG_WARN_RANGE_LOOP_ANALYSIS = YES;
				CLANG_WARN_STRICT_PROTOTYPES = YES;
				CLANG_WARN_SUSPICIOUS_MOVE = YES;
				CLANG_WARN_UNGUARDED_AVAILABILITY = YES_AGGRESSIVE;
				CLANG_WARN_UNREACHABLE_CODE = YES;
				CLANG_WARN__DUPLICATE_METHOD_MATCH = YES;
				COPY_PHASE_STRIP = NO;
				DEBUG_INFORMATION_FORMAT = "dwarf-with-dsym";
				ENABLE_NS_ASSERTIONS = NO;
				ENABLE_STRICT_OBJC_MSGSEND = YES;
				ENABLE_USER_SCRIPT_SANDBOXING = YES;
				GCC_C_LANGUAGE_STANDARD = gnu17;
				GCC_NO_COMMON_BLOCKS = YES;
				GCC_WARN_64_TO_32_BIT_CONVERSION = YES;
				GCC_WARN_ABOUT_RETURN_TYPE = YES_ERROR;
				GCC_WARN_UNDECLARED_SELECTOR = YES;
				GCC_WARN_UNINITIALIZED_AUTOS = YES_AGGRESSIVE;
				GCC_WARN_UNUSED_FUNCTION = YES;
				GCC_WARN_UNUSED_VARIABLE = YES;
				IPHONEOS_DEPLOYMENT_TARGET = 17.5;
				LOCALIZATION_PREFERS_STRING_CATALOGS = YES;
				MTL_ENABLE_DEBUG_INFO = NO;
				MTL_FAST_MATH = YES;
				SDKROOT = iphoneos;
				SWIFT_COMPILATION_MODE = wholemodule;
				VALIDATE_PRODUCT = YES;
			};
			name = Release;
		};
		E9144DF62C0E324C00665283 /* Debug */ = {
			isa = XCBuildConfiguration;
			buildSettings = {
				ASSETCATALOG_COMPILER_APPICON_NAME = AppIcon;
				ASSETCATALOG_COMPILER_GLOBAL_ACCENT_COLOR_NAME = AccentColor;
				CODE_SIGN_STYLE = Automatic;
				CURRENT_PROJECT_VERSION = 1;
				DEVELOPMENT_ASSET_PATHS = "\"Scrumdinger/Preview Content\"";
				ENABLE_PREVIEWS = YES;
				GENERATE_INFOPLIST_FILE = YES;
				INFOPLIST_KEY_NSMicrophoneUsageDescription = "";
				INFOPLIST_KEY_NSSpeechRecognitionUsageDescription = "";
				INFOPLIST_KEY_UIApplicationSceneManifest_Generation = YES;
				INFOPLIST_KEY_UIApplicationSupportsIndirectInputEvents = YES;
				INFOPLIST_KEY_UILaunchScreen_Generation = YES;
				INFOPLIST_KEY_UISupportedInterfaceOrientations_iPad = "UIInterfaceOrientationPortrait UIInterfaceOrientationPortraitUpsideDown UIInterfaceOrientationLandscapeLeft UIInterfaceOrientationLandscapeRight";
				INFOPLIST_KEY_UISupportedInterfaceOrientations_iPhone = "UIInterfaceOrientationPortrait UIInterfaceOrientationLandscapeLeft UIInterfaceOrientationLandscapeRight";
				LD_RUNPATH_SEARCH_PATHS = (
					"$(inherited)",
					"@executable_path/Frameworks",
				);
				MARKETING_VERSION = 1.0;
				PRODUCT_BUNDLE_IDENTIFIER = com.temdenes.Scrumdinger;
				PRODUCT_NAME = "$(TARGET_NAME)";
				SWIFT_EMIT_LOC_STRINGS = YES;
				SWIFT_VERSION = 5.0;
				TARGETED_DEVICE_FAMILY = "1,2";
			};
			name = Debug;
		};
		E9144DF72C0E324C00665283 /* Release */ = {
			isa = XCBuildConfiguration;
			buildSettings = {
				ASSETCATALOG_COMPILER_APPICON_NAME = AppIcon;
				ASSETCATALOG_COMPILER_GLOBAL_ACCENT_COLOR_NAME = AccentColor;
				CODE_SIGN_STYLE = Automatic;
				CURRENT_PROJECT_VERSION = 1;
				DEVELOPMENT_ASSET_PATHS = "\"Scrumdinger/Preview Content\"";
				ENABLE_PREVIEWS = YES;
				GENERATE_INFOPLIST_FILE = YES;
				INFOPLIST_KEY_NSMicrophoneUsageDescription = "";
				INFOPLIST_KEY_NSSpeechRecognitionUsageDescription = "";
				INFOPLIST_KEY_UIApplicationSceneManifest_Generation = YES;
				INFOPLIST_KEY_UIApplicationSupportsIndirectInputEvents = YES;
				INFOPLIST_KEY_UILaunchScreen_Generation = YES;
				INFOPLIST_KEY_UISupportedInterfaceOrientations_iPad = "UIInterfaceOrientationPortrait UIInterfaceOrientationPortraitUpsideDown UIInterfaceOrientationLandscapeLeft UIInterfaceOrientationLandscapeRight";
				INFOPLIST_KEY_UISupportedInterfaceOrientations_iPhone = "UIInterfaceOrientationPortrait UIInterfaceOrientationLandscapeLeft UIInterfaceOrientationLandscapeRight";
				LD_RUNPATH_SEARCH_PATHS = (
					"$(inherited)",
					"@executable_path/Frameworks",
				);
				MARKETING_VERSION = 1.0;
				PRODUCT_BUNDLE_IDENTIFIER = com.temdenes.Scrumdinger;
				PRODUCT_NAME = "$(TARGET_NAME)";
				SWIFT_EMIT_LOC_STRINGS = YES;
				SWIFT_VERSION = 5.0;
				TARGETED_DEVICE_FAMILY = "1,2";
			};
			name = Release;
		};
/* End XCBuildConfiguration section */

/* Begin XCConfigurationList section */
		E9144DE22C0E324B00665283 /* Build configuration list for PBXProject "Scrumdinger" */ = {
			isa = XCConfigurationList;
			buildConfigurations = (
				E9144DF32C0E324C00665283 /* Debug */,
				E9144DF42C0E324C00665283 /* Release */,
			);
			defaultConfigurationIsVisible = 0;
			defaultConfigurationName = Release;
		};
		E9144DF52C0E324C00665283 /* Build configuration list for PBXNativeTarget "Scrumdinger" */ = {
			isa = XCConfigurationList;
			buildConfigurations = (
				E9144DF62C0E324C00665283 /* Debug */,
				E9144DF72C0E324C00665283 /* Release */,
			);
			defaultConfigurationIsVisible = 0;
			defaultConfigurationName = Release;
		};
/* End XCConfigurationList section */
	};
	rootObject = E9144DDF2C0E324B00665283 /* Project object */;
}
